<Solution>
  <Folder Name="/src/">
    <Project Path="src/10E0.Api/10E0.Api.csproj" />
    <Project Path="src/10E0.Core/10E0.Core.csproj" />
  </Folder>
  <Folder Name="/tests/">
    <Project Path="tests/10E0.Api.Tests/10E0.Api.Tests.csproj" />
    <Project Path="tests/10E0.Core.Tests/10E0.Core.Tests.csproj" />
  </Folder>
</Solution>
